
Microsoft Visual Studio Solution File, Format Version 12.00
# Visual Studio Version 17
VisualStudioVersion = 17.14.36203.30 d17.14
MinimumVisualStudioVersion = 10.0.40219.1
Project("{FAE04EC0-301F-11D3-BF4B-00C04F79EFBC}") = "Tarea2_ProgramacionAvanzada", "Tarea2_ProgramacionAvanzada\Tarea2_ProgramacionAvanzada.csproj", "{441448D5-A854-4F99-B63B-ED88039E1046}"
EndProject
Global
	GlobalSection(SolutionConfigurationPlatforms) = preSolution
		Debug|Any CPU = Debug|Any CPU
		Release|Any CPU = Release|Any CPU
	EndGlobalSection
	GlobalSection(ProjectConfigurationPlatforms) = postSolution
		{441448D5-A854-4F99-B63B-ED88039E1046}.Debug|Any CPU.ActiveCfg = Debug|Any CPU
		{441448D5-A854-4F99-B63B-ED88039E1046}.Debug|Any CPU.Build.0 = Debug|Any CPU
		{441448D5-A854-4F99-B63B-ED88039E1046}.Release|Any CPU.ActiveCfg = Release|Any CPU
		{441448D5-A854-4F99-B63B-ED88039E1046}.Release|Any CPU.Build.0 = Release|Any CPU
	EndGlobalSection
	GlobalSection(SolutionProperties) = preSolution
		HideSolutionNode = FALSE
	EndGlobalSection
	GlobalSection(ExtensibilityGlobals) = postSolution
		SolutionGuid = {563E0C34-0AAD-4320-81F1-8D78AC9C7B26}
	EndGlobalSection
EndGlobal
